
Microsoft Visual Studio Solution File, Format Version 12.00
# Visual Studio 15
VisualStudioVersion = 15.0.27130.2036
MinimumVisualStudioVersion = 10.0.40219.1
Project("{FAE04EC0-301F-11D3-BF4B-00C04F79EFBC}") = "Vermaat.Crm.Specflow", "Vermaat.Crm.Specflow\Vermaat.Crm.Specflow.csproj", "{0B9CDBF5-9B2F-4CDA-B708-8C4590A8E558}"
EndProject
Project("{FAE04EC0-301F-11D3-BF4B-00C04F79EFBC}") = "Vermaat.Crm.Specflow.Sample", "Vermaat.Crm.Specflow.Sample\Vermaat.Crm.Specflow.Sample.csproj", "{40155862-3830-401C-945A-70E57B35F7A1}"
EndProject
Project("{FAE04EC0-301F-11D3-BF4B-00C04F79EFBC}") = "Vermaat.Crm.Specflow.PackageDeployment", "Vermaat.Crm.Specflow.PackageDeployment\Vermaat.Crm.Specflow.PackageDeployment.csproj", "{73C83080-388D-4633-99A4-E53E582B717A}"
EndProject
Global
	GlobalSection(SolutionConfigurationPlatforms) = preSolution
		Debug|Any CPU = Debug|Any CPU
		NuGetRelease|Any CPU = NuGetRelease|Any CPU
		Release|Any CPU = Release|Any CPU
	EndGlobalSection
	GlobalSection(ProjectConfigurationPlatforms) = postSolution
		{0B9CDBF5-9B2F-4CDA-B708-8C4590A8E558}.Debug|Any CPU.ActiveCfg = Debug|Any CPU
		{0B9CDBF5-9B2F-4CDA-B708-8C4590A8E558}.Debug|Any CPU.Build.0 = Debug|Any CPU
		{0B9CDBF5-9B2F-4CDA-B708-8C4590A8E558}.NuGetRelease|Any CPU.ActiveCfg = NuGetRelease|Any CPU
		{0B9CDBF5-9B2F-4CDA-B708-8C4590A8E558}.NuGetRelease|Any CPU.Build.0 = NuGetRelease|Any CPU
		{0B9CDBF5-9B2F-4CDA-B708-8C4590A8E558}.Release|Any CPU.ActiveCfg = Release|Any CPU
		{0B9CDBF5-9B2F-4CDA-B708-8C4590A8E558}.Release|Any CPU.Build.0 = Release|Any CPU
		{40155862-3830-401C-945A-70E57B35F7A1}.Debug|Any CPU.ActiveCfg = Debug|Any CPU
		{40155862-3830-401C-945A-70E57B35F7A1}.Debug|Any CPU.Build.0 = Debug|Any CPU
		{40155862-3830-401C-945A-70E57B35F7A1}.NuGetRelease|Any CPU.ActiveCfg = NuGetRelease|Any CPU
		{40155862-3830-401C-945A-70E57B35F7A1}.Release|Any CPU.ActiveCfg = Release|Any CPU
		{40155862-3830-401C-945A-70E57B35F7A1}.Release|Any CPU.Build.0 = Release|Any CPU
		{73C83080-388D-4633-99A4-E53E582B717A}.Debug|Any CPU.ActiveCfg = Debug|Any CPU
		{73C83080-388D-4633-99A4-E53E582B717A}.Debug|Any CPU.Build.0 = Debug|Any CPU
		{73C83080-388D-4633-99A4-E53E582B717A}.NuGetRelease|Any CPU.ActiveCfg = Release|Any CPU
		{73C83080-388D-4633-99A4-E53E582B717A}.NuGetRelease|Any CPU.Build.0 = Release|Any CPU
		{73C83080-388D-4633-99A4-E53E582B717A}.Release|Any CPU.ActiveCfg = Release|Any CPU
		{73C83080-388D-4633-99A4-E53E582B717A}.Release|Any CPU.Build.0 = Release|Any CPU
	EndGlobalSection
	GlobalSection(SolutionProperties) = preSolution
		HideSolutionNode = FALSE
	EndGlobalSection
	GlobalSection(ExtensibilityGlobals) = postSolution
		SolutionGuid = {1C228F4F-AC05-4A51-833D-130F089096AD}
	EndGlobalSection
EndGlobal
